
Microsoft Visual Studio Solution File, Format Version 12.00
# Visual Studio Version 17
VisualStudioVersion = 17.9.34902.65
MinimumVisualStudioVersion = 10.0.40219.1
Project("{FAE04EC0-301F-11D3-BF4B-00C04F79EFBC}") = "auth-jwt-net8", "auth-jwt-net8\auth-jwt-net8.csproj", "{4A4DB21B-B0D9-4AE8-AC31-1DDF509E30C1}"
EndProject
Global
	GlobalSection(SolutionConfigurationPlatforms) = preSolution
		Debug|Any CPU = Debug|Any CPU
		Release|Any CPU = Release|Any CPU
	EndGlobalSection
	GlobalSection(ProjectConfigurationPlatforms) = postSolution
		{4A4DB21B-B0D9-4AE8-AC31-1DDF509E30C1}.Debug|Any CPU.ActiveCfg = Debug|Any CPU
		{4A4DB21B-B0D9-4AE8-AC31-1DDF509E30C1}.Debug|Any CPU.Build.0 = Debug|Any CPU
		{4A4DB21B-B0D9-4AE8-AC31-1DDF509E30C1}.Release|Any CPU.ActiveCfg = Release|Any CPU
		{4A4DB21B-B0D9-4AE8-AC31-1DDF509E30C1}.Release|Any CPU.Build.0 = Release|Any CPU
	EndGlobalSection
	GlobalSection(SolutionProperties) = preSolution
		HideSolutionNode = FALSE
	EndGlobalSection
	GlobalSection(ExtensibilityGlobals) = postSolution
		SolutionGuid = {D22F52DE-D56E-4C13-B759-9DC0323F40FD}
	EndGlobalSection
EndGlobal
